
Microsoft Visual Studio Solution File, Format Version 12.00
# Visual Studio Version 16
VisualStudioVersion = 16.0.30114.105
MinimumVisualStudioVersion = 10.0.40219.1
Project("{FAE04EC0-301F-11D3-BF4B-00C04F79EFBC}") = "API", "API\API.csproj", "{F533721A-CDA7-4D09-84F2-B8120B67737E}"
EndProject
Project("{FAE04EC0-301F-11D3-BF4B-00C04F79EFBC}") = "Application", "Application\Application.csproj", "{F80AE3A4-0C55-4C27-9220-9943C6BBAD8D}"
EndProject
Project("{FAE04EC0-301F-11D3-BF4B-00C04F79EFBC}") = "Persistence", "Persistence\Persistence.csproj", "{0BD4B648-A2B4-4C4A-B509-98481647AE14}"
EndProject
Project("{FAE04EC0-301F-11D3-BF4B-00C04F79EFBC}") = "Domain", "Domain\Domain.csproj", "{B89B4B6D-5F74-42FE-B539-08BB1DC67264}"
EndProject
Global
	GlobalSection(SolutionConfigurationPlatforms) = preSolution
		Debug|Any CPU = Debug|Any CPU
		Release|Any CPU = Release|Any CPU
	EndGlobalSection
	GlobalSection(SolutionProperties) = preSolution
		HideSolutionNode = FALSE
	EndGlobalSection
	GlobalSection(ProjectConfigurationPlatforms) = postSolution
		{F533721A-CDA7-4D09-84F2-B8120B67737E}.Debug|Any CPU.ActiveCfg = Debug|Any CPU
		{F533721A-CDA7-4D09-84F2-B8120B67737E}.Debug|Any CPU.Build.0 = Debug|Any CPU
		{F533721A-CDA7-4D09-84F2-B8120B67737E}.Release|Any CPU.ActiveCfg = Release|Any CPU
		{F533721A-CDA7-4D09-84F2-B8120B67737E}.Release|Any CPU.Build.0 = Release|Any CPU
		{F80AE3A4-0C55-4C27-9220-9943C6BBAD8D}.Debug|Any CPU.ActiveCfg = Debug|Any CPU
		{F80AE3A4-0C55-4C27-9220-9943C6BBAD8D}.Debug|Any CPU.Build.0 = Debug|Any CPU
		{F80AE3A4-0C55-4C27-9220-9943C6BBAD8D}.Release|Any CPU.ActiveCfg = Release|Any CPU
		{F80AE3A4-0C55-4C27-9220-9943C6BBAD8D}.Release|Any CPU.Build.0 = Release|Any CPU
		{0BD4B648-A2B4-4C4A-B509-98481647AE14}.Debug|Any CPU.ActiveCfg = Debug|Any CPU
		{0BD4B648-A2B4-4C4A-B509-98481647AE14}.Debug|Any CPU.Build.0 = Debug|Any CPU
		{0BD4B648-A2B4-4C4A-B509-98481647AE14}.Release|Any CPU.ActiveCfg = Release|Any CPU
		{0BD4B648-A2B4-4C4A-B509-98481647AE14}.Release|Any CPU.Build.0 = Release|Any CPU
		{B89B4B6D-5F74-42FE-B539-08BB1DC67264}.Debug|Any CPU.ActiveCfg = Debug|Any CPU
		{B89B4B6D-5F74-42FE-B539-08BB1DC67264}.Debug|Any CPU.Build.0 = Debug|Any CPU
		{B89B4B6D-5F74-42FE-B539-08BB1DC67264}.Release|Any CPU.ActiveCfg = Release|Any CPU
		{B89B4B6D-5F74-42FE-B539-08BB1DC67264}.Release|Any CPU.Build.0 = Release|Any CPU
	EndGlobalSection
EndGlobal
